{
  "name": "bun",
  "lockfileVersion": 3,
  "requires": true,
  "packages": {
    "": {
      "name": "bun",
      "dependencies": {
        "dotenv": "^16.3.1",
        "figlet": "^1.6.0",
        "mongose": "^0.0.2-security"
      },
      "devDependencies": {
        "@types/figlet": "^1.5.6",
        "bun-types": "^1.0.1"
      },
      "peerDependencies": {
        "typescript": "^5.0.0"
      }
    },
    "node_modules/@types/figlet": {
      "version": "1.5.6",
      "dev": true,
      "license": "MIT"
    },
    "node_modules/bun-types": {
      "version": "1.0.1",
      "dev": true
    },
    "node_modules/dotenv": {
      "version": "16.3.1",
      "license": "BSD-2-Clause",
      "engines": {
        "node": ">=12"
      },
      "funding": {
        "url": "https://github.com/motdotla/dotenv?sponsor=1"
      }
    },
    "node_modules/figlet": {
      "version": "1.6.0",
      "license": "MIT",
      "bin": {
        "figlet": "bin/index.js"
      },
      "engines": {
        "node": ">= 0.4.0"
      }
    },
    "node_modules/mongose": {
      "version": "0.0.2-security",
      "resolved": "https://registry.npmjs.org/mongose/-/mongose-0.0.2-security.tgz",
      "integrity": "sha512-XJUBQHhC/12+hWtrcB1Ww+gkxSzbxg4VdjpNlBQGvFoyPm1bErhA+3n/IkWbGCkavFB1OSycpvpCRphPsZXgLw=="
    },
    "node_modules/typescript": {
      "version": "5.2.2",
      "resolved": "https://registry.npmjs.org/typescript/-/typescript-5.2.2.tgz",
      "integrity": "sha512-mI4WrpHsbCIcwT9cF4FZvr80QUeKvsUsUvKDoR+X/7XHQH98xYD8YHZg7ANtz2GtZt/CBq2QJ0thkGJMHfqc1w==",
      "peer": true,
      "bin": {
        "tsc": "bin/tsc",
        "tsserver": "bin/tsserver"
      },
      "engines": {
        "node": ">=14.17"
      }
    }
  }
}
